
Microsoft Visual Studio Solution File, Format Version 12.00
# Visual Studio Version 16
VisualStudioVersion = 16.0.30523.141
MinimumVisualStudioVersion = 10.0.40219.1
Project("{FAE04EC0-301F-11D3-BF4B-00C04F79EFBC}") = "FortressAutomation", "FortressAutomation\FortressAutomation.csproj", "{98CB2EA9-E4C6-4FC8-BEAA-8DBB9B6E613A}"
EndProject
Global
	GlobalSection(SolutionConfigurationPlatforms) = preSolution
		Debug|Any CPU = Debug|Any CPU
		Release|Any CPU = Release|Any CPU
	EndGlobalSection
	GlobalSection(ProjectConfigurationPlatforms) = postSolution
		{98CB2EA9-E4C6-4FC8-BEAA-8DBB9B6E613A}.Debug|Any CPU.ActiveCfg = Debug|Any CPU
		{98CB2EA9-E4C6-4FC8-BEAA-8DBB9B6E613A}.Debug|Any CPU.Build.0 = Debug|Any CPU
		{98CB2EA9-E4C6-4FC8-BEAA-8DBB9B6E613A}.Release|Any CPU.ActiveCfg = Release|Any CPU
		{98CB2EA9-E4C6-4FC8-BEAA-8DBB9B6E613A}.Release|Any CPU.Build.0 = Release|Any CPU
	EndGlobalSection
	GlobalSection(SolutionProperties) = preSolution
		HideSolutionNode = FALSE
	EndGlobalSection
	GlobalSection(ExtensibilityGlobals) = postSolution
		SolutionGuid = {CF4D421D-A05C-487B-9207-38F72EDD02F6}
	EndGlobalSection
EndGlobal
